
Microsoft Visual Studio Solution File, Format Version 12.00
# Visual Studio 15
VisualStudioVersion = 15.0.28307.852
MinimumVisualStudioVersion = 10.0.40219.1
Project("{FAE04EC0-301F-11D3-BF4B-00C04F79EFBC}") = "InlandMarinaLeasingApplication", "InlandMarinaLeasingApplication\InlandMarinaLeasingApplication.csproj", "{8377B278-ED9C-4436-8425-E5861B4F1F03}"
EndProject
Global
	GlobalSection(SolutionConfigurationPlatforms) = preSolution
		Debug|Any CPU = Debug|Any CPU
		Release|Any CPU = Release|Any CPU
	EndGlobalSection
	GlobalSection(ProjectConfigurationPlatforms) = postSolution
		{8377B278-ED9C-4436-8425-E5861B4F1F03}.Debug|Any CPU.ActiveCfg = Debug|Any CPU
		{8377B278-ED9C-4436-8425-E5861B4F1F03}.Debug|Any CPU.Build.0 = Debug|Any CPU
		{8377B278-ED9C-4436-8425-E5861B4F1F03}.Release|Any CPU.ActiveCfg = Release|Any CPU
		{8377B278-ED9C-4436-8425-E5861B4F1F03}.Release|Any CPU.Build.0 = Release|Any CPU
	EndGlobalSection
	GlobalSection(SolutionProperties) = preSolution
		HideSolutionNode = FALSE
	EndGlobalSection
	GlobalSection(ExtensibilityGlobals) = postSolution
		SolutionGuid = {814816EC-AF3E-4437-9C39-2D7B252A610F}
	EndGlobalSection
EndGlobal
